
Microsoft Visual Studio Solution File, Format Version 12.00
# Visual Studio Version 17
VisualStudioVersion = 17.14.36705.20
MinimumVisualStudioVersion = 10.0.40219.1
Project("{FAE04EC0-301F-11D3-BF4B-00C04F79EFBC}") = "WholesaleIMS.Core", "WholesaleIMS.Core\WholesaleIMS.Core.csproj", "{AC0C229D-444C-4944-B3D6-6815B2A663A9}"
EndProject
Project("{2150E333-8FDC-42A3-9474-1A3956D46DE8}") = "Solution Items", "Solution Items", "{8EC462FD-D22E-90A8-E5CE-7E832BA40C5D}"
	ProjectSection(SolutionItems) = preProject
		.gitignore = .gitignore
	EndProjectSection
EndProject
Project("{FAE04EC0-301F-11D3-BF4B-00C04F79EFBC}") = "WholesaleIMS.Infrastructure", "WholesaleIMS.Infrastructure\WholesaleIMS.Infrastructure.csproj", "{7376B92E-0D40-484C-9165-EC3273129CB4}"
EndProject
Global
	GlobalSection(SolutionConfigurationPlatforms) = preSolution
		Debug|Any CPU = Debug|Any CPU
		Release|Any CPU = Release|Any CPU
	EndGlobalSection
	GlobalSection(ProjectConfigurationPlatforms) = postSolution
		{AC0C229D-444C-4944-B3D6-6815B2A663A9}.Debug|Any CPU.ActiveCfg = Debug|Any CPU
		{AC0C229D-444C-4944-B3D6-6815B2A663A9}.Debug|Any CPU.Build.0 = Debug|Any CPU
		{AC0C229D-444C-4944-B3D6-6815B2A663A9}.Release|Any CPU.ActiveCfg = Release|Any CPU
		{AC0C229D-444C-4944-B3D6-6815B2A663A9}.Release|Any CPU.Build.0 = Release|Any CPU
		{7376B92E-0D40-484C-9165-EC3273129CB4}.Debug|Any CPU.ActiveCfg = Debug|Any CPU
		{7376B92E-0D40-484C-9165-EC3273129CB4}.Debug|Any CPU.Build.0 = Debug|Any CPU
		{7376B92E-0D40-484C-9165-EC3273129CB4}.Release|Any CPU.ActiveCfg = Release|Any CPU
		{7376B92E-0D40-484C-9165-EC3273129CB4}.Release|Any CPU.Build.0 = Release|Any CPU
	EndGlobalSection
	GlobalSection(SolutionProperties) = preSolution
		HideSolutionNode = FALSE
	EndGlobalSection
	GlobalSection(ExtensibilityGlobals) = postSolution
		SolutionGuid = {E6249BEA-23F5-4E78-B7F0-1FC93D71A098}
	EndGlobalSection
EndGlobal
